// !$*UTF8*$!
{
	archiveVersion = 1;
	classes = {
	};
	objectVersion = 46;
	objects = {

/* Begin PBXBuildFile section */
		1E6337611CA4D52100543BC3 /* Meme.swift in Sources */ = {isa = PBXBuildFile; fileRef = 1E6337601CA4D52100543BC3 /* Meme.swift */; };
		1EE50CF71CA39A6C005DE1E6 /* AppDelegate.swift in Sources */ = {isa = PBXBuildFile; fileRef = 1EE50CF61CA39A6C005DE1E6 /* AppDelegate.swift */; };
		1EE50CF91CA39A6C005DE1E6 /* MemeMeViewController.swift in Sources */ = {isa = PBXBuildFile; fileRef = 1EE50CF81CA39A6C005DE1E6 /* MemeMeViewController.swift */; };
		1EE50CFC1CA39A6C005DE1E6 /* Main.storyboard in Resources */ = {isa = PBXBuildFile; fileRef = 1EE50CFA1CA39A6C005DE1E6 /* Main.storyboard */; };
		1EE50CFF1CA39A6C005DE1E6 /* MemeMe.xcdatamodeld in Sources */ = {isa = PBXBuildFile; fileRef = 1EE50CFD1CA39A6C005DE1E6 /* MemeMe.xcdatamodeld */; };
		1EE50D011CA39A6C005DE1E6 /* Assets.xcassets in Resources */ = {isa = PBXBuildFile; fileRef = 1EE50D001CA39A6C005DE1E6 /* Assets.xcassets */; };
		1EE50D041CA39A6C005DE1E6 /* LaunchScreen.storyboard in Resources */ = {isa = PBXBuildFile; fileRef = 1EE50D021CA39A6C005DE1E6 /* LaunchScreen.storyboard */; };
		1EE50D0F1CA39A6C005DE1E6 /* MemeMeTests.swift in Sources */ = {isa = PBXBuildFile; fileRef = 1EE50D0E1CA39A6C005DE1E6 /* MemeMeTests.swift */; };
		1EE50D1A1CA39A6C005DE1E6 /* MemeMeUITests.swift in Sources */ = {isa = PBXBuildFile; fileRef = 1EE50D191CA39A6C005DE1E6 /* MemeMeUITests.swift */; };
/* End PBXBuildFile section */

/* Begin PBXContainerItemProxy section */
		1EE50D0B1CA39A6C005DE1E6 /* PBXContainerItemProxy */ = {
			isa = PBXContainerItemProxy;
			containerPortal = 1EE50CEB1CA39A6C005DE1E6 /* Project object */;
			proxyType = 1;
			remoteGlobalIDString = 1EE50CF21CA39A6C005DE1E6;
			remoteInfo = MemeMe;
		};
		1EE50D161CA39A6C005DE1E6 /* PBXContainerItemProxy */ = {
			isa = PBXContainerItemProxy;
			containerPortal = 1EE50CEB1CA39A6C005DE1E6 /* Project object */;
			proxyType = 1;
			remoteGlobalIDString = 1EE50CF21CA39A6C005DE1E6;
			remoteInfo = MemeMe;
		};
/* End PBXContainerItemProxy section */

/* Begin PBXFileReference section */
		1E6337601CA4D52100543BC3 /* Meme.swift */ = {isa = PBXFileReference; fileEncoding = 4; lastKnownFileType = sourcecode.swift; path = Meme.swift; sourceTree = "<group>"; };
		1EE50CF31CA39A6C005DE1E6 /* MemeMe.app */ = {isa = PBXFileReference; explicitFileType = wrapper.application; includeInIndex = 0; path = MemeMe.app; sourceTree = BUILT_PRODUCTS_DIR; };
		1EE50CF61CA39A6C005DE1E6 /* AppDelegate.swift */ = {isa = PBXFileReference; lastKnownFileType = sourcecode.swift; path = AppDelegate.swift; sourceTree = "<group>"; };
		1EE50CF81CA39A6C005DE1E6 /* MemeMeViewController.swift */ = {isa = PBXFileReference; lastKnownFileType = sourcecode.swift; path = MemeMeViewController.swift; sourceTree = "<group>"; };
		1EE50CFB1CA39A6C005DE1E6 /* Base */ = {isa = PBXFileReference; lastKnownFileType = file.storyboard; name = Base; path = Base.lproj/Main.storyboard; sourceTree = "<group>"; };
		1EE50CFE1CA39A6C005DE1E6 /* MemeMe.xcdatamodel */ = {isa = PBXFileReference; lastKnownFileType = wrapper.xcdatamodel; path = MemeMe.xcdatamodel; sourceTree = "<group>"; };
		1EE50D001CA39A6C005DE1E6 /* Assets.xcassets */ = {isa = PBXFileReference; lastKnownFileType = folder.assetcatalog; path = Assets.xcassets; sourceTree = "<group>"; };
		1EE50D031CA39A6C005DE1E6 /* Base */ = {isa = PBXFileReference; lastKnownFileType = file.storyboard; name = Base; path = Base.lproj/LaunchScreen.storyboard; sourceTree = "<group>"; };
		1EE50D051CA39A6C005DE1E6 /* Info.plist */ = {isa = PBXFileReference; lastKnownFileType = text.plist.xml; path = Info.plist; sourceTree = "<group>"; };
		1EE50D0A1CA39A6C005DE1E6 /* MemeMeTests.xctest */ = {isa = PBXFileReference; explicitFileType = wrapper.cfbundle; includeInIndex = 0; path = MemeMeTests.xctest; sourceTree = BUILT_PRODUCTS_DIR; };
		1EE50D0E1CA39A6C005DE1E6 /* MemeMeTests.swift */ = {isa = PBXFileReference; lastKnownFileType = sourcecode.swift; path = MemeMeTests.swift; sourceTree = "<group>"; };
		1EE50D101CA39A6C005DE1E6 /* Info.plist */ = {isa = PBXFileReference; lastKnownFileType = text.plist.xml; path = Info.plist; sourceTree = "<group>"; };
		1EE50D151CA39A6C005DE1E6 /* MemeMeUITests.xctest */ = {isa = PBXFileReference; explicitFileType = wrapper.cfbundle; includeInIndex = 0; path = MemeMeUITests.xctest; sourceTree = BUILT_PRODUCTS_DIR; };
		1EE50D191CA39A6C005DE1E6 /* MemeMeUITests.swift */ = {isa = PBXFileReference; lastKnownFileType = sourcecode.swift; path = MemeMeUITests.swift; sourceTree = "<group>"; };
		1EE50D1B1CA39A6C005DE1E6 /* Info.plist */ = {isa = PBXFileReference; lastKnownFileType = text.plist.xml; path = Info.plist; sourceTree = "<group>"; };
/* End PBXFileReference section */

/* Begin PBXFrameworksBuildPhase section */
		1EE50CF01CA39A6C005DE1E6 /* Frameworks */ = {
			isa = PBXFrameworksBuildPhase;
			buildActionMask = 2147483647;
			files = (
			);
			runOnlyForDeploymentPostprocessing = 0;
		};
		1EE50D071CA39A6C005DE1E6 /* Frameworks */ = {
			isa = PBXFrameworksBuildPhase;
			buildActionMask = 2147483647;
			files = (
			);
			runOnlyForDeploymentPostprocessing = 0;
		};
		1EE50D121CA39A6C005DE1E6 /* Frameworks */ = {
			isa = PBXFrameworksBuildPhase;
			buildActionMask = 2147483647;
			files = (
			);
			runOnlyForDeploymentPostprocessing = 0;
		};
/* End PBXFrameworksBuildPhase section */

/* Begin PBXGroup section */
		1EE50CEA1CA39A6C005DE1E6 = {
			isa = PBXGroup;
			children = (
				1EE50CF51CA39A6C005DE1E6 /* MemeMe */,
				1EE50D0D1CA39A6C005DE1E6 /* MemeMeTests */,
				1EE50D181CA39A6C005DE1E6 /* MemeMeUITests */,
				1EE50CF41CA39A6C005DE1E6 /* Products */,
			);
			sourceTree = "<group>";
		};
		1EE50CF41CA39A6C005DE1E6 /* Products */ = {
			isa = PBXGroup;
			children = (
				1EE50CF31CA39A6C005DE1E6 /* MemeMe.app */,
				1EE50D0A1CA39A6C005DE1E6 /* MemeMeTests.xctest */,
				1EE50D151CA39A6C005DE1E6 /* MemeMeUITests.xctest */,
			);
			name = Products;
			sourceTree = "<group>";
		};
		1EE50CF51CA39A6C005DE1E6 /* MemeMe */ = {
			isa = PBXGroup;
			children = (
				1EE50CF61CA39A6C005DE1E6 /* AppDelegate.swift */,
				1EE50CF81CA39A6C005DE1E6 /* MemeMeViewController.swift */,
				1EE50CFA1CA39A6C005DE1E6 /* Main.storyboard */,
				1E6337601CA4D52100543BC3 /* Meme.swift */,
				1EE50D001CA39A6C005DE1E6 /* Assets.xcassets */,
				1EE50D021CA39A6C005DE1E6 /* LaunchScreen.storyboard */,
				1EE50D051CA39A6C005DE1E6 /* Info.plist */,
				1EE50CFD1CA39A6C005DE1E6 /* MemeMe.xcdatamodeld */,
			);
			path = MemeMe;
			sourceTree = "<group>";
		};
		1EE50D0D1CA39A6C005DE1E6 /* MemeMeTests */ = {
			isa = PBXGroup;
			children = (
				1EE50D0E1CA39A6C005DE1E6 /* MemeMeTests.swift */,
				1EE50D101CA39A6C005DE1E6 /* Info.plist */,
			);
			path = MemeMeTests;
			sourceTree = "<group>";
		};
		1EE50D181CA39A6C005DE1E6 /* MemeMeUITests */ = {
			isa = PBXGroup;
			children = (
				1EE50D191CA39A6C005DE1E6 /* MemeMeUITests.swift */,
				1EE50D1B1CA39A6C005DE1E6 /* Info.plist */,
			);
			path = MemeMeUITests;
			sourceTree = "<group>";
		};
/* End PBXGroup section */

/* Begin PBXNativeTarget section */
		1EE50CF21CA39A6C005DE1E6 /* MemeMe */ = {
			isa = PBXNativeTarget;
			buildConfigurationList = 1EE50D1E1CA39A6C005DE1E6 /* Build configuration list for PBXNativeTarget "MemeMe" */;
			buildPhases = (
				1EE50CEF1CA39A6C005DE1E6 /* Sources */,
				1EE50CF01CA39A6C005DE1E6 /* Frameworks */,
				1EE50CF11CA39A6C005DE1E6 /* Resources */,
			);
			buildRules = (
			);
			dependencies = (
			);
			name = MemeMe;
			productName = MemeMe;
			productReference = 1EE50CF31CA39A6C005DE1E6 /* MemeMe.app */;
			productType = "com.apple.product-type.application";
		};
		1EE50D091CA39A6C005DE1E6 /* MemeMeTests */ = {
			isa = PBXNativeTarget;
			buildConfigurationList = 1EE50D211CA39A6C005DE1E6 /* Build configuration list for PBXNativeTarget "MemeMeTests" */;
			buildPhases = (
				1EE50D061CA39A6C005DE1E6 /* Sources */,
				1EE50D071CA39A6C005DE1E6 /* Frameworks */,
				1EE50D081CA39A6C005DE1E6 /* Resources */,
			);
			buildRules = (
			);
			dependencies = (
				1EE50D0C1CA39A6C005DE1E6 /* PBXTargetDependency */,
			);
			name = MemeMeTests;
			productName = MemeMeTests;
			productReference = 1EE50D0A1CA39A6C005DE1E6 /* MemeMeTests.xctest */;
			productType = "com.apple.product-type.bundle.unit-test";
		};
		1EE50D141CA39A6C005DE1E6 /* MemeMeUITests */ = {
			isa = PBXNativeTarget;
			buildConfigurationList = 1EE50D241CA39A6C005DE1E6 /* Build configuration list for PBXNativeTarget "MemeMeUITests" */;
			buildPhases = (
				1EE50D111CA39A6C005DE1E6 /* Sources */,
				1EE50D121CA39A6C005DE1E6 /* Frameworks */,
				1EE50D131CA39A6C005DE1E6 /* Resources */,
			);
			buildRules = (
			);
			dependencies = (
				1EE50D171CA39A6C005DE1E6 /* PBXTargetDependency */,
			);
			name = MemeMeUITests;
			productName = MemeMeUITests;
			productReference = 1EE50D151CA39A6C005DE1E6 /* MemeMeUITests.xctest */;
			productType = "com.apple.product-type.bundle.ui-testing";
		};
/* End PBXNativeTarget section */

/* Begin PBXProject section */
		1EE50CEB1CA39A6C005DE1E6 /* Project object */ = {
			isa = PBXProject;
			attributes = {
				LastSwiftUpdateCheck = 0730;
				LastUpgradeCheck = 0730;
				ORGANIZATIONNAME = "Christine Hall";
				TargetAttributes = {
					1EE50CF21CA39A6C005DE1E6 = {
						CreatedOnToolsVersion = 7.3;
					};
					1EE50D091CA39A6C005DE1E6 = {
						CreatedOnToolsVersion = 7.3;
						TestTargetID = 1EE50CF21CA39A6C005DE1E6;
					};
					1EE50D141CA39A6C005DE1E6 = {
						CreatedOnToolsVersion = 7.3;
						TestTargetID = 1EE50CF21CA39A6C005DE1E6;
					};
				};
			};
			buildConfigurationList = 1EE50CEE1CA39A6C005DE1E6 /* Build configuration list for PBXProject "MemeMe" */;
			compatibilityVersion = "Xcode 3.2";
			developmentRegion = English;
			hasScannedForEncodings = 0;
			knownRegions = (
				en,
				Base,
			);
			mainGroup = 1EE50CEA1CA39A6C005DE1E6;
			productRefGroup = 1EE50CF41CA39A6C005DE1E6 /* Products */;
			projectDirPath = "";
			projectRoot = "";
			targets = (
				1EE50CF21CA39A6C005DE1E6 /* MemeMe */,
				1EE50D091CA39A6C005DE1E6 /* MemeMeTests */,
				1EE50D141CA39A6C005DE1E6 /* MemeMeUITests */,
			);
		};
/* End PBXProject section */

/* Begin PBXResourcesBuildPhase section */
		1EE50CF11CA39A6C005DE1E6 /* Resources */ = {
			isa = PBXResourcesBuildPhase;
			buildActionMask = 2147483647;
			files = (
				1EE50D041CA39A6C005DE1E6 /* LaunchScreen.storyboard in Resources */,
				1EE50D011CA39A6C005DE1E6 /* Assets.xcassets in Resources */,
				1EE50CFC1CA39A6C005DE1E6 /* Main.storyboard in Resources */,
			);
			runOnlyForDeploymentPostprocessing = 0;
		};
		1EE50D081CA39A6C005DE1E6 /* Resources */ = {
			isa = PBXResourcesBuildPhase;
			buildActionMask = 2147483647;
			files = (
			);
			runOnlyForDeploymentPostprocessing = 0;
		};
		1EE50D131CA39A6C005DE1E6 /* Resources */ = {
			isa = PBXResourcesBuildPhase;
			buildActionMask = 2147483647;
			files = (
			);
			runOnlyForDeploymentPostprocessing = 0;
		};
/* End PBXResourcesBuildPhase section */

/* Begin PBXSourcesBuildPhase section */
		1EE50CEF1CA39A6C005DE1E6 /* Sources */ = {
			isa = PBXSourcesBuildPhase;
			buildActionMask = 2147483647;
			files = (
				1EE50CFF1CA39A6C005DE1E6 /* MemeMe.xcdatamodeld in Sources */,
				1E6337611CA4D52100543BC3 /* Meme.swift in Sources */,
				1EE50CF91CA39A6C005DE1E6 /* MemeMeViewController.swift in Sources */,
				1EE50CF71CA39A6C005DE1E6 /* AppDelegate.swift in Sources */,
			);
			runOnlyForDeploymentPostprocessing = 0;
		};
		1EE50D061CA39A6C005DE1E6 /* Sources */ = {
			isa = PBXSourcesBuildPhase;
			buildActionMask = 2147483647;
			files = (
				1EE50D0F1CA39A6C005DE1E6 /* MemeMeTests.swift in Sources */,
			);
			runOnlyForDeploymentPostprocessing = 0;
		};
		1EE50D111CA39A6C005DE1E6 /* Sources */ = {
			isa = PBXSourcesBuildPhase;
			buildActionMask = 2147483647;
			files = (
				1EE50D1A1CA39A6C005DE1E6 /* MemeMeUITests.swift in Sources */,
			);
			runOnlyForDeploymentPostprocessing = 0;
		};
/* End PBXSourcesBuildPhase section */

/* Begin PBXTargetDependency section */
		1EE50D0C1CA39A6C005DE1E6 /* PBXTargetDependency */ = {
			isa = PBXTargetDependency;
			target = 1EE50CF21CA39A6C005DE1E6 /* MemeMe */;
			targetProxy = 1EE50D0B1CA39A6C005DE1E6 /* PBXContainerItemProxy */;
		};
		1EE50D171CA39A6C005DE1E6 /* PBXTargetDependency */ = {
			isa = PBXTargetDependency;
			target = 1EE50CF21CA39A6C005DE1E6 /* MemeMe */;
			targetProxy = 1EE50D161CA39A6C005DE1E6 /* PBXContainerItemProxy */;
		};
/* End PBXTargetDependency section */

/* Begin PBXVariantGroup section */
		1EE50CFA1CA39A6C005DE1E6 /* Main.storyboard */ = {
			isa = PBXVariantGroup;
			children = (
				1EE50CFB1CA39A6C005DE1E6 /* Base */,
			);
			name = Main.storyboard;
			sourceTree = "<group>";
		};
		1EE50D021CA39A6C005DE1E6 /* LaunchScreen.storyboard */ = {
			isa = PBXVariantGroup;
			children = (
				1EE50D031CA39A6C005DE1E6 /* Base */,
			);
			name = LaunchScreen.storyboard;
			sourceTree = "<group>";
		};
/* End PBXVariantGroup section */

/* Begin XCBuildConfiguration section */
		1EE50D1C1CA39A6C005DE1E6 /* Debug */ = {
			isa = XCBuildConfiguration;
			buildSettings = {
				ALWAYS_SEARCH_USER_PATHS = NO;
				CLANG_ANALYZER_NONNULL = YES;
				CLANG_CXX_LANGUAGE_STANDARD = "gnu++0x";
				CLANG_CXX_LIBRARY = "libc++";
				CLANG_ENABLE_MODULES = YES;
				CLANG_ENABLE_OBJC_ARC = YES;
				CLANG_WARN_BOOL_CONVERSION = YES;
				CLANG_WARN_CONSTANT_CONVERSION = YES;
				CLANG_WARN_DIRECT_OBJC_ISA_USAGE = YES_ERROR;
				CLANG_WARN_EMPTY_BODY = YES;
				CLANG_WARN_ENUM_CONVERSION = YES;
				CLANG_WARN_INT_CONVERSION = YES;
				CLANG_WARN_OBJC_ROOT_CLASS = YES_ERROR;
				CLANG_WARN_UNREACHABLE_CODE = YES;
				CLANG_WARN__DUPLICATE_METHOD_MATCH = YES;
				"CODE_SIGN_IDENTITY[sdk=iphoneos*]" = "iPhone Developer";
				COPY_PHASE_STRIP = NO;
				DEBUG_INFORMATION_FORMAT = dwarf;
				ENABLE_STRICT_OBJC_MSGSEND = YES;
				ENABLE_TESTABILITY = YES;
				GCC_C_LANGUAGE_STANDARD = gnu99;
				GCC_DYNAMIC_NO_PIC = NO;
				GCC_NO_COMMON_BLOCKS = YES;
				GCC_OPTIMIZATION_LEVEL = 0;
				GCC_PREPROCESSOR_DEFINITIONS = (
					"DEBUG=1",
					"$(inherited)",
				);
				GCC_WARN_64_TO_32_BIT_CONVERSION = YES;
				GCC_WARN_ABOUT_RETURN_TYPE = YES_ERROR;
				GCC_WARN_UNDECLARED_SELECTOR = YES;
				GCC_WARN_UNINITIALIZED_AUTOS = YES_AGGRESSIVE;
				GCC_WARN_UNUSED_FUNCTION = YES;
				GCC_WARN_UNUSED_VARIABLE = YES;
				IPHONEOS_DEPLOYMENT_TARGET = 9.3;
				MTL_ENABLE_DEBUG_INFO = YES;
				ONLY_ACTIVE_ARCH = YES;
				SDKROOT = iphoneos;
				SWIFT_OPTIMIZATION_LEVEL = "-Onone";
				TARGETED_DEVICE_FAMILY = "1,2";
			};
			name = Debug;
		};
		1EE50D1D1CA39A6C005DE1E6 /* Release */ = {
			isa = XCBuildConfiguration;
			buildSettings = {
				ALWAYS_SEARCH_USER_PATHS = NO;
				CLANG_ANALYZER_NONNULL = YES;
				CLANG_CXX_LANGUAGE_STANDARD = "gnu++0x";
				CLANG_CXX_LIBRARY = "libc++";
				CLANG_ENABLE_MODULES = YES;
				CLANG_ENABLE_OBJC_ARC = YES;
				CLANG_WARN_BOOL_CONVERSION = YES;
				CLANG_WARN_CONSTANT_CONVERSION = YES;
				CLANG_WARN_DIRECT_OBJC_ISA_USAGE = YES_ERROR;
				CLANG_WARN_EMPTY_BODY = YES;
				CLANG_WARN_ENUM_CONVERSION = YES;
				CLANG_WARN_INT_CONVERSION = YES;
				CLANG_WARN_OBJC_ROOT_CLASS = YES_ERROR;
				CLANG_WARN_UNREACHABLE_CODE = YES;
				CLANG_WARN__DUPLICATE_METHOD_MATCH = YES;
				"CODE_SIGN_IDENTITY[sdk=iphoneos*]" = "iPhone Developer";
				COPY_PHASE_STRIP = NO;
				DEBUG_INFORMATION_FORMAT = "dwarf-with-dsym";
				ENABLE_NS_ASSERTIONS = NO;
				ENABLE_STRICT_OBJC_MSGSEND = YES;
				GCC_C_LANGUAGE_STANDARD = gnu99;
				GCC_NO_COMMON_BLOCKS = YES;
				GCC_WARN_64_TO_32_BIT_CONVERSION = YES;
				GCC_WARN_ABOUT_RETURN_TYPE = YES_ERROR;
				GCC_WARN_UNDECLARED_SELECTOR = YES;
				GCC_WARN_UNINITIALIZED_AUTOS = YES_AGGRESSIVE;
				GCC_WARN_UNUSED_FUNCTION = YES;
				GCC_WARN_UNUSED_VARIABLE = YES;
				IPHONEOS_DEPLOYMENT_TARGET = 9.3;
				MTL_ENABLE_DEBUG_INFO = NO;
				SDKROOT = iphoneos;
				TARGETED_DEVICE_FAMILY = "1,2";
				VALIDATE_PRODUCT = YES;
			};
			name = Release;
		};
		1EE50D1F1CA39A6C005DE1E6 /* Debug */ = {
			isa = XCBuildConfiguration;
			buildSettings = {
				ASSETCATALOG_COMPILER_APPICON_NAME = AppIcon;
				INFOPLIST_FILE = MemeMe/Info.plist;
				LD_RUNPATH_SEARCH_PATHS = "$(inherited) @executable_path/Frameworks";
				PRODUCT_BUNDLE_IDENTIFIER = is.Christine.MemeMe;
				PRODUCT_NAME = "$(TARGET_NAME)";
			};
			name = Debug;
		};
		1EE50D201CA39A6C005DE1E6 /* Release */ = {
			isa = XCBuildConfiguration;
			buildSettings = {
				ASSETCATALOG_COMPILER_APPICON_NAME = AppIcon;
				INFOPLIST_FILE = MemeMe/Info.plist;
				LD_RUNPATH_SEARCH_PATHS = "$(inherited) @executable_path/Frameworks";
				PRODUCT_BUNDLE_IDENTIFIER = is.Christine.MemeMe;
				PRODUCT_NAME = "$(TARGET_NAME)";
			};
			name = Release;
		};
		1EE50D221CA39A6C005DE1E6 /* Debug */ = {
			isa = XCBuildConfiguration;
			buildSettings = {
				BUNDLE_LOADER = "$(TEST_HOST)";
				INFOPLIST_FILE = MemeMeTests/Info.plist;
				LD_RUNPATH_SEARCH_PATHS = "$(inherited) @executable_path/Frameworks @loader_path/Frameworks";
				PRODUCT_BUNDLE_IDENTIFIER = is.Christine.MemeMeTests;
				PRODUCT_NAME = "$(TARGET_NAME)";
				TEST_HOST = "$(BUILT_PRODUCTS_DIR)/MemeMe.app/MemeMe";
			};
			name = Debug;
		};
		1EE50D231CA39A6C005DE1E6 /* Release */ = {
			isa = XCBuildConfiguration;
			buildSettings = {
				BUNDLE_LOADER = "$(TEST_HOST)";
				INFOPLIST_FILE = MemeMeTests/Info.plist;
				LD_RUNPATH_SEARCH_PATHS = "$(inherited) @executable_path/Frameworks @loader_path/Frameworks";
				PRODUCT_BUNDLE_IDENTIFIER = is.Christine.MemeMeTests;
				PRODUCT_NAME = "$(TARGET_NAME)";
				TEST_HOST = "$(BUILT_PRODUCTS_DIR)/MemeMe.app/MemeMe";
			};
			name = Release;
		};
		1EE50D251CA39A6C005DE1E6 /* Debug */ = {
			isa = XCBuildConfiguration;
			buildSettings = {
				INFOPLIST_FILE = MemeMeUITests/Info.plist;
				LD_RUNPATH_SEARCH_PATHS = "$(inherited) @executable_path/Frameworks @loader_path/Frameworks";
				PRODUCT_BUNDLE_IDENTIFIER = is.Christine.MemeMeUITests;
				PRODUCT_NAME = "$(TARGET_NAME)";
				TEST_TARGET_NAME = MemeMe;
			};
			name = Debug;
		};
		1EE50D261CA39A6C005DE1E6 /* Release */ = {
			isa = XCBuildConfiguration;
			buildSettings = {
				INFOPLIST_FILE = MemeMeUITests/Info.plist;
				LD_RUNPATH_SEARCH_PATHS = "$(inherited) @executable_path/Frameworks @loader_path/Frameworks";
				PRODUCT_BUNDLE_IDENTIFIER = is.Christine.MemeMeUITests;
				PRODUCT_NAME = "$(TARGET_NAME)";
				TEST_TARGET_NAME = MemeMe;
			};
			name = Release;
		};
/* End XCBuildConfiguration section */

/* Begin XCConfigurationList section */
		1EE50CEE1CA39A6C005DE1E6 /* Build configuration list for PBXProject "MemeMe" */ = {
			isa = XCConfigurationList;
			buildConfigurations = (
				1EE50D1C1CA39A6C005DE1E6 /* Debug */,
				1EE50D1D1CA39A6C005DE1E6 /* Release */,
			);
			defaultConfigurationIsVisible = 0;
			defaultConfigurationName = Release;
		};
		1EE50D1E1CA39A6C005DE1E6 /* Build configuration list for PBXNativeTarget "MemeMe" */ = {
			isa = XCConfigurationList;
			buildConfigurations = (
				1EE50D1F1CA39A6C005DE1E6 /* Debug */,
				1EE50D201CA39A6C005DE1E6 /* Release */,
			);
			defaultConfigurationIsVisible = 0;
			defaultConfigurationName = Release;
		};
		1EE50D211CA39A6C005DE1E6 /* Build configuration list for PBXNativeTarget "MemeMeTests" */ = {
			isa = XCConfigurationList;
			buildConfigurations = (
				1EE50D221CA39A6C005DE1E6 /* Debug */,
				1EE50D231CA39A6C005DE1E6 /* Release */,
			);
			defaultConfigurationIsVisible = 0;
			defaultConfigurationName = Release;
		};
		1EE50D241CA39A6C005DE1E6 /* Build configuration list for PBXNativeTarget "MemeMeUITests" */ = {
			isa = XCConfigurationList;
			buildConfigurations = (
				1EE50D251CA39A6C005DE1E6 /* Debug */,
				1EE50D261CA39A6C005DE1E6 /* Release */,
			);
			defaultConfigurationIsVisible = 0;
			defaultConfigurationName = Release;
		};
/* End XCConfigurationList section */

/* Begin XCVersionGroup section */
		1EE50CFD1CA39A6C005DE1E6 /* MemeMe.xcdatamodeld */ = {
			isa = XCVersionGroup;
			children = (
				1EE50CFE1CA39A6C005DE1E6 /* MemeMe.xcdatamodel */,
			);
			currentVersion = 1EE50CFE1CA39A6C005DE1E6 /* MemeMe.xcdatamodel */;
			path = MemeMe.xcdatamodeld;
			sourceTree = "<group>";
			versionGroupType = wrapper.xcdatamodel;
		};
/* End XCVersionGroup section */
	};
	rootObject = 1EE50CEB1CA39A6C005DE1E6 /* Project object */;
}
